
Microsoft Visual Studio Solution File, Format Version 12.00
# Visual Studio 2012
Project("{FAE04EC0-301F-11D3-BF4B-00C04F79EFBC}") = "WindowsFormsApplication1", "WindowsFormsApplication1\WindowsFormsApplication1.csproj", "{492F7AE0-05A7-4DFA-AE69-4C668C60E951}"
EndProject
Global
	GlobalSection(SolutionConfigurationPlatforms) = preSolution
		Debug|Any CPU = Debug|Any CPU
		Release|Any CPU = Release|Any CPU
	EndGlobalSection
	GlobalSection(ProjectConfigurationPlatforms) = postSolution
		{492F7AE0-05A7-4DFA-AE69-4C668C60E951}.Debug|Any CPU.ActiveCfg = Debug|Any CPU
		{492F7AE0-05A7-4DFA-AE69-4C668C60E951}.Debug|Any CPU.Build.0 = Debug|Any CPU
		{492F7AE0-05A7-4DFA-AE69-4C668C60E951}.Release|Any CPU.ActiveCfg = Release|Any CPU
		{492F7AE0-05A7-4DFA-AE69-4C668C60E951}.Release|Any CPU.Build.0 = Release|Any CPU
	EndGlobalSection
	GlobalSection(SolutionProperties) = preSolution
		HideSolutionNode = FALSE
	EndGlobalSection
EndGlobal
